
Microsoft Visual Studio Solution File, Format Version 12.00
# Visual Studio Version 17
VisualStudioVersion = 17.2.32602.215
MinimumVisualStudioVersion = 10.0.40219.1
Project("{FAE04EC0-301F-11D3-BF4B-00C04F79EFBC}") = "ShopManager.Api", "ShopManager.Api\ShopManager.Api.csproj", "{8C0A10A3-0478-4367-8830-17DD5D60B3B4}"
EndProject
Project("{FAE04EC0-301F-11D3-BF4B-00C04F79EFBC}") = "ShopManager.Entity", "ShopManager.Entity\ShopManager.Entity.csproj", "{76000A32-E29C-44DA-A59A-B919B01D3834}"
EndProject
Project("{FAE04EC0-301F-11D3-BF4B-00C04F79EFBC}") = "ShopManager.Domain", "ShopManager.Domain\ShopManager.Domain.csproj", "{6EFC9838-9AF3-490A-B4D3-0206BAE01127}"
EndProject
Project("{FAE04EC0-301F-11D3-BF4B-00C04F79EFBC}") = "ShopManager.Repository", "ShopManager.Repository\ShopManager.Repository.csproj", "{172F0548-CC99-459B-95AB-C3C1953F80F3}"
EndProject
Project("{FAE04EC0-301F-11D3-BF4B-00C04F79EFBC}") = "ShopManager.Infraestructure", "ShopManager.Infraestructure\ShopManager.Infraestructure.csproj", "{8BC19BAF-CA5D-477C-A508-C3FBA4EA2A3B}"
EndProject
Project("{FAE04EC0-301F-11D3-BF4B-00C04F79EFBC}") = "ShopManager.Test", "ShopManager.Test\ShopManager.Test.csproj", "{B4BCC9BF-BE71-4B60-A409-1D9D4A88617D}"
EndProject
Global
	GlobalSection(SolutionConfigurationPlatforms) = preSolution
		Debug|Any CPU = Debug|Any CPU
		Release|Any CPU = Release|Any CPU
	EndGlobalSection
	GlobalSection(ProjectConfigurationPlatforms) = postSolution
		{8C0A10A3-0478-4367-8830-17DD5D60B3B4}.Debug|Any CPU.ActiveCfg = Debug|Any CPU
		{8C0A10A3-0478-4367-8830-17DD5D60B3B4}.Debug|Any CPU.Build.0 = Debug|Any CPU
		{8C0A10A3-0478-4367-8830-17DD5D60B3B4}.Release|Any CPU.ActiveCfg = Release|Any CPU
		{8C0A10A3-0478-4367-8830-17DD5D60B3B4}.Release|Any CPU.Build.0 = Release|Any CPU
		{76000A32-E29C-44DA-A59A-B919B01D3834}.Debug|Any CPU.ActiveCfg = Debug|Any CPU
		{76000A32-E29C-44DA-A59A-B919B01D3834}.Debug|Any CPU.Build.0 = Debug|Any CPU
		{76000A32-E29C-44DA-A59A-B919B01D3834}.Release|Any CPU.ActiveCfg = Release|Any CPU
		{76000A32-E29C-44DA-A59A-B919B01D3834}.Release|Any CPU.Build.0 = Release|Any CPU
		{6EFC9838-9AF3-490A-B4D3-0206BAE01127}.Debug|Any CPU.ActiveCfg = Debug|Any CPU
		{6EFC9838-9AF3-490A-B4D3-0206BAE01127}.Debug|Any CPU.Build.0 = Debug|Any CPU
		{6EFC9838-9AF3-490A-B4D3-0206BAE01127}.Release|Any CPU.ActiveCfg = Release|Any CPU
		{6EFC9838-9AF3-490A-B4D3-0206BAE01127}.Release|Any CPU.Build.0 = Release|Any CPU
		{172F0548-CC99-459B-95AB-C3C1953F80F3}.Debug|Any CPU.ActiveCfg = Debug|Any CPU
		{172F0548-CC99-459B-95AB-C3C1953F80F3}.Debug|Any CPU.Build.0 = Debug|Any CPU
		{172F0548-CC99-459B-95AB-C3C1953F80F3}.Release|Any CPU.ActiveCfg = Release|Any CPU
		{172F0548-CC99-459B-95AB-C3C1953F80F3}.Release|Any CPU.Build.0 = Release|Any CPU
		{8BC19BAF-CA5D-477C-A508-C3FBA4EA2A3B}.Debug|Any CPU.ActiveCfg = Debug|Any CPU
		{8BC19BAF-CA5D-477C-A508-C3FBA4EA2A3B}.Debug|Any CPU.Build.0 = Debug|Any CPU
		{8BC19BAF-CA5D-477C-A508-C3FBA4EA2A3B}.Release|Any CPU.ActiveCfg = Release|Any CPU
		{8BC19BAF-CA5D-477C-A508-C3FBA4EA2A3B}.Release|Any CPU.Build.0 = Release|Any CPU
		{B4BCC9BF-BE71-4B60-A409-1D9D4A88617D}.Debug|Any CPU.ActiveCfg = Debug|Any CPU
		{B4BCC9BF-BE71-4B60-A409-1D9D4A88617D}.Debug|Any CPU.Build.0 = Debug|Any CPU
		{B4BCC9BF-BE71-4B60-A409-1D9D4A88617D}.Release|Any CPU.ActiveCfg = Release|Any CPU
		{B4BCC9BF-BE71-4B60-A409-1D9D4A88617D}.Release|Any CPU.Build.0 = Release|Any CPU
	EndGlobalSection
	GlobalSection(SolutionProperties) = preSolution
		HideSolutionNode = FALSE
	EndGlobalSection
	GlobalSection(ExtensibilityGlobals) = postSolution
		SolutionGuid = {8B22E622-A482-4CBC-AEBA-35DE3608E495}
	EndGlobalSection
EndGlobal
